
Microsoft Visual Studio Solution File, Format Version 11.00
# Visual Studio 2010
Project("{FAE04EC0-301F-11D3-BF4B-00C04F79EFBC}") = "Assembly-CSharp", "Assembly-CSharp.csproj", "{3BFAF86C-A82C-D874-9850-F1AF3C097681}"
EndProject
Project("{FAE04EC0-301F-11D3-BF4B-00C04F79EFBC}") = "Assembly-CSharp-Editor", "Assembly-CSharp-Editor.csproj", "{570F9DEC-CCDE-30BD-06AC-EA0D72F2B68D}"
EndProject
Global
	GlobalSection(SolutionConfigurationPlatforms) = preSolution
		Debug|Any CPU = Debug|Any CPU
		Release|Any CPU = Release|Any CPU
	EndGlobalSection
	GlobalSection(ProjectConfigurationPlatforms) = postSolution
		{3BFAF86C-A82C-D874-9850-F1AF3C097681}.Debug|Any CPU.ActiveCfg = Debug|Any CPU
		{3BFAF86C-A82C-D874-9850-F1AF3C097681}.Debug|Any CPU.Build.0 = Debug|Any CPU
		{3BFAF86C-A82C-D874-9850-F1AF3C097681}.Release|Any CPU.ActiveCfg = Release|Any CPU
		{3BFAF86C-A82C-D874-9850-F1AF3C097681}.Release|Any CPU.Build.0 = Release|Any CPU
		{570F9DEC-CCDE-30BD-06AC-EA0D72F2B68D}.Debug|Any CPU.ActiveCfg = Debug|Any CPU
		{570F9DEC-CCDE-30BD-06AC-EA0D72F2B68D}.Debug|Any CPU.Build.0 = Debug|Any CPU
		{570F9DEC-CCDE-30BD-06AC-EA0D72F2B68D}.Release|Any CPU.ActiveCfg = Release|Any CPU
		{570F9DEC-CCDE-30BD-06AC-EA0D72F2B68D}.Release|Any CPU.Build.0 = Release|Any CPU
	EndGlobalSection
	GlobalSection(SolutionProperties) = preSolution
		HideSolutionNode = FALSE
	EndGlobalSection
	GlobalSection(MonoDevelopProperties) = preSolution
		StartupItem = Assembly-CSharp.csproj
	EndGlobalSection
EndGlobal
